
Microsoft Visual Studio Solution File, Format Version 12.00
# Visual Studio Version 16
VisualStudioVersion = 16.0.29609.76
MinimumVisualStudioVersion = 10.0.40219.1
Project("{9A19103F-16F7-4668-BE54-9A1E7A4F7556}") = "Monofoxe.Engine", "..\Monofoxe\Monofoxe.Engine\Monofoxe.Engine.csproj", "{9A75ED71-2FDF-47E2-B9E9-1918ECA10BC8}"
	ProjectSection(ProjectDependencies) = postProject
		{D59079B2-CC07-4783-9C7F-05E78EBBC5FD} = {D59079B2-CC07-4783-9C7F-05E78EBBC5FD}
	EndProjectSection
EndProject
Project("{9A19103F-16F7-4668-BE54-9A1E7A4F7556}") = "Monofoxe.Tiled", "..\Monofoxe\Monofoxe.Tiled\Monofoxe.Tiled.csproj", "{21E56073-5E48-4346-9800-872264F5ABB5}"
	ProjectSection(ProjectDependencies) = postProject
		{D59079B2-CC07-4783-9C7F-05E78EBBC5FD} = {D59079B2-CC07-4783-9C7F-05E78EBBC5FD}
	EndProjectSection
EndProject
Project("{9A19103F-16F7-4668-BE54-9A1E7A4F7556}") = "Monofoxe.Pipeline", "..\Monofoxe\Monofoxe.Pipeline\Monofoxe.Pipeline.csproj", "{D59079B2-CC07-4783-9C7F-05E78EBBC5FD}"
EndProject
Project("{2150E333-8FDC-42A3-9474-1A3956D46DE8}") = "Monofoxe", "Monofoxe", "{43BF570E-E7D7-45B5-8B04-E9C82D7C99A6}"
EndProject
Project("{2150E333-8FDC-42A3-9474-1A3956D46DE8}") = "Solution Items", "Solution Items", "{965CC0AA-84E2-4C16-A950-E3E25CAF5CBC}"
	ProjectSection(SolutionItems) = preProject
		..\.editorconfig = ..\.editorconfig
	EndProjectSection
EndProject
Project("{9A19103F-16F7-4668-BE54-9A1E7A4F7556}") = "Monofoxe.Playground.Windows", "Monofoxe.Playground.Windows\Monofoxe.Playground.Windows.csproj", "{F0224987-E449-4253-BD1D-DC4DE0068AA2}"
EndProject
Project("{9A19103F-16F7-4668-BE54-9A1E7A4F7556}") = "Monofoxe.Playground.DesktopGL", "Monofoxe.Playground.DesktopGL\Monofoxe.Playground.DesktopGL.csproj", "{80B93F45-097B-40D4-B44B-4EF981682372}"
EndProject
Project("{9A19103F-16F7-4668-BE54-9A1E7A4F7556}") = "Monofoxe.Playground", "Monofoxe.Playground\Monofoxe.Playground.csproj", "{7A68CF7A-0D82-4B37-AC83-F543243F9287}"
EndProject
Project("{9A19103F-16F7-4668-BE54-9A1E7A4F7556}") = "Monofoxe.Playground.Content", "Monofoxe.Playground.Content\Monofoxe.Playground.Content.csproj", "{ED8FE838-FAB5-4B39-A468-CF58B8126051}"
EndProject
Project("{9A19103F-16F7-4668-BE54-9A1E7A4F7556}") = "Monofoxe.Engine.WindowsDX", "..\Monofoxe\Monofoxe.Engine.WindowsDX\Monofoxe.Engine.WindowsDX.csproj", "{40709027-342B-4157-A065-4FBD6F9523CA}"
EndProject
Project("{9A19103F-16F7-4668-BE54-9A1E7A4F7556}") = "Monofoxe.Engine.DesktopGL", "..\Monofoxe\Monofoxe.Engine.DesktopGL\Monofoxe.Engine.DesktopGL.csproj", "{B6E5E2A4-1368-4ECE-A6C0-C20865987165}"
EndProject
Project("{2150E333-8FDC-42A3-9474-1A3956D46DE8}") = "Platforms", "Platforms", "{8C31A55A-1F5B-4191-ADD1-6282EFE75EA8}"
EndProject
Global
	GlobalSection(SharedMSBuildProjectFiles) = preSolution
		..\Monofoxe\Monofoxe.Tiled.MapStructure\Monofoxe.Tiled.MapStructure.projitems*{21e56073-5e48-4346-9800-872264f5abb5}*SharedItemsImports = 5
		..\Monofoxe\Monofoxe.Tiled.MapStructure\Monofoxe.Tiled.MapStructure.projitems*{d59079b2-cc07-4783-9c7f-05e78ebbc5fd}*SharedItemsImports = 5
	EndGlobalSection
	GlobalSection(SolutionConfigurationPlatforms) = preSolution
		Debug|Any CPU = Debug|Any CPU
		Debug|x86 = Debug|x86
		Release|Any CPU = Release|Any CPU
		Release|x86 = Release|x86
	EndGlobalSection
	GlobalSection(ProjectConfigurationPlatforms) = postSolution
		{9A75ED71-2FDF-47E2-B9E9-1918ECA10BC8}.Debug|Any CPU.ActiveCfg = Debug|Any CPU
		{9A75ED71-2FDF-47E2-B9E9-1918ECA10BC8}.Debug|Any CPU.Build.0 = Debug|Any CPU
		{9A75ED71-2FDF-47E2-B9E9-1918ECA10BC8}.Debug|x86.ActiveCfg = Debug|Any CPU
		{9A75ED71-2FDF-47E2-B9E9-1918ECA10BC8}.Debug|x86.Build.0 = Debug|Any CPU
		{9A75ED71-2FDF-47E2-B9E9-1918ECA10BC8}.Release|Any CPU.ActiveCfg = Release|Any CPU
		{9A75ED71-2FDF-47E2-B9E9-1918ECA10BC8}.Release|Any CPU.Build.0 = Release|Any CPU
		{9A75ED71-2FDF-47E2-B9E9-1918ECA10BC8}.Release|x86.ActiveCfg = Release|Any CPU
		{9A75ED71-2FDF-47E2-B9E9-1918ECA10BC8}.Release|x86.Build.0 = Release|Any CPU
		{21E56073-5E48-4346-9800-872264F5ABB5}.Debug|Any CPU.ActiveCfg = Debug|Any CPU
		{21E56073-5E48-4346-9800-872264F5ABB5}.Debug|Any CPU.Build.0 = Debug|Any CPU
		{21E56073-5E48-4346-9800-872264F5ABB5}.Debug|x86.ActiveCfg = Debug|Any CPU
		{21E56073-5E48-4346-9800-872264F5ABB5}.Debug|x86.Build.0 = Debug|Any CPU
		{21E56073-5E48-4346-9800-872264F5ABB5}.Release|Any CPU.ActiveCfg = Release|Any CPU
		{21E56073-5E48-4346-9800-872264F5ABB5}.Release|Any CPU.Build.0 = Release|Any CPU
		{21E56073-5E48-4346-9800-872264F5ABB5}.Release|x86.ActiveCfg = Release|Any CPU
		{21E56073-5E48-4346-9800-872264F5ABB5}.Release|x86.Build.0 = Release|Any CPU
		{D59079B2-CC07-4783-9C7F-05E78EBBC5FD}.Debug|Any CPU.ActiveCfg = Debug|Any CPU
		{D59079B2-CC07-4783-9C7F-05E78EBBC5FD}.Debug|Any CPU.Build.0 = Debug|Any CPU
		{D59079B2-CC07-4783-9C7F-05E78EBBC5FD}.Debug|x86.ActiveCfg = Debug|Any CPU
		{D59079B2-CC07-4783-9C7F-05E78EBBC5FD}.Debug|x86.Build.0 = Debug|Any CPU
		{D59079B2-CC07-4783-9C7F-05E78EBBC5FD}.Release|Any CPU.ActiveCfg = Release|Any CPU
		{D59079B2-CC07-4783-9C7F-05E78EBBC5FD}.Release|Any CPU.Build.0 = Release|Any CPU
		{D59079B2-CC07-4783-9C7F-05E78EBBC5FD}.Release|x86.ActiveCfg = Release|Any CPU
		{D59079B2-CC07-4783-9C7F-05E78EBBC5FD}.Release|x86.Build.0 = Release|Any CPU
		{F0224987-E449-4253-BD1D-DC4DE0068AA2}.Debug|Any CPU.ActiveCfg = Debug|Any CPU
		{F0224987-E449-4253-BD1D-DC4DE0068AA2}.Debug|Any CPU.Build.0 = Debug|Any CPU
		{F0224987-E449-4253-BD1D-DC4DE0068AA2}.Debug|x86.ActiveCfg = Debug|Any CPU
		{F0224987-E449-4253-BD1D-DC4DE0068AA2}.Debug|x86.Build.0 = Debug|Any CPU
		{F0224987-E449-4253-BD1D-DC4DE0068AA2}.Release|Any CPU.ActiveCfg = Release|Any CPU
		{F0224987-E449-4253-BD1D-DC4DE0068AA2}.Release|Any CPU.Build.0 = Release|Any CPU
		{F0224987-E449-4253-BD1D-DC4DE0068AA2}.Release|x86.ActiveCfg = Release|Any CPU
		{F0224987-E449-4253-BD1D-DC4DE0068AA2}.Release|x86.Build.0 = Release|Any CPU
		{80B93F45-097B-40D4-B44B-4EF981682372}.Debug|Any CPU.ActiveCfg = Debug|Any CPU
		{80B93F45-097B-40D4-B44B-4EF981682372}.Debug|Any CPU.Build.0 = Debug|Any CPU
		{80B93F45-097B-40D4-B44B-4EF981682372}.Debug|x86.ActiveCfg = Debug|Any CPU
		{80B93F45-097B-40D4-B44B-4EF981682372}.Debug|x86.Build.0 = Debug|Any CPU
		{80B93F45-097B-40D4-B44B-4EF981682372}.Release|Any CPU.ActiveCfg = Release|Any CPU
		{80B93F45-097B-40D4-B44B-4EF981682372}.Release|Any CPU.Build.0 = Release|Any CPU
		{80B93F45-097B-40D4-B44B-4EF981682372}.Release|x86.ActiveCfg = Release|Any CPU
		{80B93F45-097B-40D4-B44B-4EF981682372}.Release|x86.Build.0 = Release|Any CPU
		{7A68CF7A-0D82-4B37-AC83-F543243F9287}.Debug|Any CPU.ActiveCfg = Debug|Any CPU
		{7A68CF7A-0D82-4B37-AC83-F543243F9287}.Debug|Any CPU.Build.0 = Debug|Any CPU
		{7A68CF7A-0D82-4B37-AC83-F543243F9287}.Debug|x86.ActiveCfg = Debug|Any CPU
		{7A68CF7A-0D82-4B37-AC83-F543243F9287}.Debug|x86.Build.0 = Debug|Any CPU
		{7A68CF7A-0D82-4B37-AC83-F543243F9287}.Release|Any CPU.ActiveCfg = Release|Any CPU
		{7A68CF7A-0D82-4B37-AC83-F543243F9287}.Release|Any CPU.Build.0 = Release|Any CPU
		{7A68CF7A-0D82-4B37-AC83-F543243F9287}.Release|x86.ActiveCfg = Release|Any CPU
		{7A68CF7A-0D82-4B37-AC83-F543243F9287}.Release|x86.Build.0 = Release|Any CPU
		{ED8FE838-FAB5-4B39-A468-CF58B8126051}.Debug|Any CPU.ActiveCfg = Debug|Any CPU
		{ED8FE838-FAB5-4B39-A468-CF58B8126051}.Debug|Any CPU.Build.0 = Debug|Any CPU
		{ED8FE838-FAB5-4B39-A468-CF58B8126051}.Debug|x86.ActiveCfg = Debug|Any CPU
		{ED8FE838-FAB5-4B39-A468-CF58B8126051}.Debug|x86.Build.0 = Debug|Any CPU
		{ED8FE838-FAB5-4B39-A468-CF58B8126051}.Release|Any CPU.ActiveCfg = Release|Any CPU
		{ED8FE838-FAB5-4B39-A468-CF58B8126051}.Release|Any CPU.Build.0 = Release|Any CPU
		{ED8FE838-FAB5-4B39-A468-CF58B8126051}.Release|x86.ActiveCfg = Release|Any CPU
		{ED8FE838-FAB5-4B39-A468-CF58B8126051}.Release|x86.Build.0 = Release|Any CPU
		{40709027-342B-4157-A065-4FBD6F9523CA}.Debug|Any CPU.ActiveCfg = Debug|Any CPU
		{40709027-342B-4157-A065-4FBD6F9523CA}.Debug|Any CPU.Build.0 = Debug|Any CPU
		{40709027-342B-4157-A065-4FBD6F9523CA}.Debug|x86.ActiveCfg = Debug|Any CPU
		{40709027-342B-4157-A065-4FBD6F9523CA}.Debug|x86.Build.0 = Debug|Any CPU
		{40709027-342B-4157-A065-4FBD6F9523CA}.Release|Any CPU.ActiveCfg = Release|Any CPU
		{40709027-342B-4157-A065-4FBD6F9523CA}.Release|Any CPU.Build.0 = Release|Any CPU
		{40709027-342B-4157-A065-4FBD6F9523CA}.Release|x86.ActiveCfg = Release|Any CPU
		{40709027-342B-4157-A065-4FBD6F9523CA}.Release|x86.Build.0 = Release|Any CPU
		{B6E5E2A4-1368-4ECE-A6C0-C20865987165}.Debug|Any CPU.ActiveCfg = Debug|Any CPU
		{B6E5E2A4-1368-4ECE-A6C0-C20865987165}.Debug|Any CPU.Build.0 = Debug|Any CPU
		{B6E5E2A4-1368-4ECE-A6C0-C20865987165}.Debug|x86.ActiveCfg = Debug|Any CPU
		{B6E5E2A4-1368-4ECE-A6C0-C20865987165}.Debug|x86.Build.0 = Debug|Any CPU
		{B6E5E2A4-1368-4ECE-A6C0-C20865987165}.Release|Any CPU.ActiveCfg = Release|Any CPU
		{B6E5E2A4-1368-4ECE-A6C0-C20865987165}.Release|Any CPU.Build.0 = Release|Any CPU
		{B6E5E2A4-1368-4ECE-A6C0-C20865987165}.Release|x86.ActiveCfg = Release|Any CPU
		{B6E5E2A4-1368-4ECE-A6C0-C20865987165}.Release|x86.Build.0 = Release|Any CPU
	EndGlobalSection
	GlobalSection(SolutionProperties) = preSolution
		HideSolutionNode = FALSE
	EndGlobalSection
	GlobalSection(NestedProjects) = preSolution
		{9A75ED71-2FDF-47E2-B9E9-1918ECA10BC8} = {43BF570E-E7D7-45B5-8B04-E9C82D7C99A6}
		{21E56073-5E48-4346-9800-872264F5ABB5} = {43BF570E-E7D7-45B5-8B04-E9C82D7C99A6}
		{D59079B2-CC07-4783-9C7F-05E78EBBC5FD} = {43BF570E-E7D7-45B5-8B04-E9C82D7C99A6}
		{40709027-342B-4157-A065-4FBD6F9523CA} = {8C31A55A-1F5B-4191-ADD1-6282EFE75EA8}
		{B6E5E2A4-1368-4ECE-A6C0-C20865987165} = {8C31A55A-1F5B-4191-ADD1-6282EFE75EA8}
		{8C31A55A-1F5B-4191-ADD1-6282EFE75EA8} = {43BF570E-E7D7-45B5-8B04-E9C82D7C99A6}
	EndGlobalSection
	GlobalSection(ExtensibilityGlobals) = postSolution
		SolutionGuid = {8F30E949-9CC7-45C9-894B-D8A613FD77BC}
	EndGlobalSection
EndGlobal
