
Microsoft Visual Studio Solution File, Format Version 12.00
# Visual Studio 15
VisualStudioVersion = 15.0.28307.572
MinimumVisualStudioVersion = 10.0.40219.1
Project("{D954291E-2A0B-460D-934E-DC6B0785DB48}") = "Monofoxe.Playground", "Monofoxe.Playground\Monofoxe.Playground.shproj", "{A0CDBD0E-3A41-42B7-9425-A838BC2C7383}"
EndProject
Project("{FAE04EC0-301F-11D3-BF4B-00C04F79EFBC}") = "Monofoxe.Playground.DesktopGL", "Monofoxe.Playground.DesktopGL\Monofoxe.Playground.DesktopGL.csproj", "{058E861C-4B60-4410-A73B-4BCA5DC70EC2}"
EndProject
Project("{FAE04EC0-301F-11D3-BF4B-00C04F79EFBC}") = "Monofoxe.Playground.Windows", "Monofoxe.Playground.Windows\Monofoxe.Playground.Windows.csproj", "{5431EE33-D78F-4263-A4AE-61852A61386D}"
EndProject
Project("{9A19103F-16F7-4668-BE54-9A1E7A4F7556}") = "Monofoxe.Engine", "..\Monofoxe\Monofoxe.Engine\Monofoxe.Engine.csproj", "{9A75ED71-2FDF-47E2-B9E9-1918ECA10BC8}"
EndProject
Project("{9A19103F-16F7-4668-BE54-9A1E7A4F7556}") = "Monofoxe.Tiled", "..\Monofoxe\Monofoxe.Tiled\Monofoxe.Tiled.csproj", "{21E56073-5E48-4346-9800-872264F5ABB5}"
EndProject
Project("{FAE04EC0-301F-11D3-BF4B-00C04F79EFBC}") = "Pipefoxe", "..\Monofoxe\Pipefoxe\Pipefoxe.csproj", "{D59079B2-CC07-4783-9C7F-05E78EBBC5FD}"
EndProject
Global
	GlobalSection(SharedMSBuildProjectFiles) = preSolution
		Monofoxe.Playground\Monofoxe.Playground.projitems*{058e861c-4b60-4410-a73b-4bca5dc70ec2}*SharedItemsImports = 4
		Monofoxe.Playground\Monofoxe.Playground.projitems*{5431ee33-d78f-4263-a4ae-61852a61386d}*SharedItemsImports = 4
		Monofoxe.Playground\Monofoxe.Playground.projitems*{a0cdbd0e-3a41-42b7-9425-a838bc2c7383}*SharedItemsImports = 13
		..\Monofoxe\Monofoxe.Tiled.MapStructure\Monofoxe.Tiled.MapStructure.projitems*{d59079b2-cc07-4783-9c7f-05e78ebbc5fd}*SharedItemsImports = 4
	EndGlobalSection
	GlobalSection(SolutionConfigurationPlatforms) = preSolution
		Debug|Any CPU = Debug|Any CPU
		Debug|x86 = Debug|x86
		Release|Any CPU = Release|Any CPU
		Release|x86 = Release|x86
	EndGlobalSection
	GlobalSection(ProjectConfigurationPlatforms) = postSolution
		{058E861C-4B60-4410-A73B-4BCA5DC70EC2}.Debug|Any CPU.ActiveCfg = Debug|Any CPU
		{058E861C-4B60-4410-A73B-4BCA5DC70EC2}.Debug|Any CPU.Build.0 = Debug|Any CPU
		{058E861C-4B60-4410-A73B-4BCA5DC70EC2}.Debug|x86.ActiveCfg = Debug|Any CPU
		{058E861C-4B60-4410-A73B-4BCA5DC70EC2}.Debug|x86.Build.0 = Debug|Any CPU
		{058E861C-4B60-4410-A73B-4BCA5DC70EC2}.Release|Any CPU.ActiveCfg = Release|Any CPU
		{058E861C-4B60-4410-A73B-4BCA5DC70EC2}.Release|Any CPU.Build.0 = Release|Any CPU
		{058E861C-4B60-4410-A73B-4BCA5DC70EC2}.Release|x86.ActiveCfg = Release|Any CPU
		{058E861C-4B60-4410-A73B-4BCA5DC70EC2}.Release|x86.Build.0 = Release|Any CPU
		{5431EE33-D78F-4263-A4AE-61852A61386D}.Debug|Any CPU.ActiveCfg = Debug|x86
		{5431EE33-D78F-4263-A4AE-61852A61386D}.Debug|x86.ActiveCfg = Debug|x86
		{5431EE33-D78F-4263-A4AE-61852A61386D}.Debug|x86.Build.0 = Debug|x86
		{5431EE33-D78F-4263-A4AE-61852A61386D}.Release|Any CPU.ActiveCfg = Release|x86
		{5431EE33-D78F-4263-A4AE-61852A61386D}.Release|x86.ActiveCfg = Release|x86
		{5431EE33-D78F-4263-A4AE-61852A61386D}.Release|x86.Build.0 = Release|x86
		{9A75ED71-2FDF-47E2-B9E9-1918ECA10BC8}.Debug|Any CPU.ActiveCfg = Debug|Any CPU
		{9A75ED71-2FDF-47E2-B9E9-1918ECA10BC8}.Debug|Any CPU.Build.0 = Debug|Any CPU
		{9A75ED71-2FDF-47E2-B9E9-1918ECA10BC8}.Debug|x86.ActiveCfg = Debug|Any CPU
		{9A75ED71-2FDF-47E2-B9E9-1918ECA10BC8}.Debug|x86.Build.0 = Debug|Any CPU
		{9A75ED71-2FDF-47E2-B9E9-1918ECA10BC8}.Release|Any CPU.ActiveCfg = Release|Any CPU
		{9A75ED71-2FDF-47E2-B9E9-1918ECA10BC8}.Release|Any CPU.Build.0 = Release|Any CPU
		{9A75ED71-2FDF-47E2-B9E9-1918ECA10BC8}.Release|x86.ActiveCfg = Release|Any CPU
		{9A75ED71-2FDF-47E2-B9E9-1918ECA10BC8}.Release|x86.Build.0 = Release|Any CPU
		{21E56073-5E48-4346-9800-872264F5ABB5}.Debug|Any CPU.ActiveCfg = Debug|Any CPU
		{21E56073-5E48-4346-9800-872264F5ABB5}.Debug|Any CPU.Build.0 = Debug|Any CPU
		{21E56073-5E48-4346-9800-872264F5ABB5}.Debug|x86.ActiveCfg = Debug|Any CPU
		{21E56073-5E48-4346-9800-872264F5ABB5}.Debug|x86.Build.0 = Debug|Any CPU
		{21E56073-5E48-4346-9800-872264F5ABB5}.Release|Any CPU.ActiveCfg = Release|Any CPU
		{21E56073-5E48-4346-9800-872264F5ABB5}.Release|Any CPU.Build.0 = Release|Any CPU
		{21E56073-5E48-4346-9800-872264F5ABB5}.Release|x86.ActiveCfg = Release|Any CPU
		{21E56073-5E48-4346-9800-872264F5ABB5}.Release|x86.Build.0 = Release|Any CPU
		{D59079B2-CC07-4783-9C7F-05E78EBBC5FD}.Debug|Any CPU.ActiveCfg = Debug|Any CPU
		{D59079B2-CC07-4783-9C7F-05E78EBBC5FD}.Debug|Any CPU.Build.0 = Debug|Any CPU
		{D59079B2-CC07-4783-9C7F-05E78EBBC5FD}.Debug|x86.ActiveCfg = Debug|Any CPU
		{D59079B2-CC07-4783-9C7F-05E78EBBC5FD}.Debug|x86.Build.0 = Debug|Any CPU
		{D59079B2-CC07-4783-9C7F-05E78EBBC5FD}.Release|Any CPU.ActiveCfg = Release|Any CPU
		{D59079B2-CC07-4783-9C7F-05E78EBBC5FD}.Release|Any CPU.Build.0 = Release|Any CPU
		{D59079B2-CC07-4783-9C7F-05E78EBBC5FD}.Release|x86.ActiveCfg = Release|Any CPU
		{D59079B2-CC07-4783-9C7F-05E78EBBC5FD}.Release|x86.Build.0 = Release|Any CPU
	EndGlobalSection
	GlobalSection(SolutionProperties) = preSolution
		HideSolutionNode = FALSE
	EndGlobalSection
	GlobalSection(ExtensibilityGlobals) = postSolution
		SolutionGuid = {8F30E949-9CC7-45C9-894B-D8A613FD77BC}
	EndGlobalSection
EndGlobal
