
Microsoft Visual Studio Solution File, Format Version 12.00
# Visual Studio Version 16
VisualStudioVersion = 16.0.29709.97
MinimumVisualStudioVersion = 10.0.40219.1
Project("{9A19103F-16F7-4668-BE54-9A1E7A4F7556}") = "Pipefoxe", "Pipefoxe\Pipefoxe.csproj", "{D59079B2-CC07-4783-9C7F-05E78EBBC5FD}"
EndProject
Project("{D954291E-2A0B-460D-934E-DC6B0785DB48}") = "Monofoxe.Tiled.MapStructure", "Monofoxe.Tiled.MapStructure\Monofoxe.Tiled.MapStructure.shproj", "{785E8147-0E69-45DF-92F7-B4F315739D0C}"
EndProject
Project("{9A19103F-16F7-4668-BE54-9A1E7A4F7556}") = "Monofoxe.Engine", "Monofoxe.Engine\Monofoxe.Engine.csproj", "{70699800-5172-413D-BB6F-0D80CB9FCD13}"
EndProject
Project("{9A19103F-16F7-4668-BE54-9A1E7A4F7556}") = "Monofoxe.Tiled", "Monofoxe.Tiled\Monofoxe.Tiled.csproj", "{E615232A-8EDD-43BB-84D0-3BA376ACA7E6}"
EndProject
Project("{9A19103F-16F7-4668-BE54-9A1E7A4F7556}") = "Monofoxe.Tests", "Monofoxe.Tests\Monofoxe.Tests.csproj", "{799409E8-B82F-4DBF-BBDE-B9EF253B2404}"
EndProject
Project("{2150E333-8FDC-42A3-9474-1A3956D46DE8}") = "Solution Items", "Solution Items", "{A430DAE4-9E80-4735-894E-886C8F800156}"
	ProjectSection(SolutionItems) = preProject
		..\.editorconfig = ..\.editorconfig
	EndProjectSection
EndProject
Global
	GlobalSection(SharedMSBuildProjectFiles) = preSolution
		Monofoxe.Tiled.MapStructure\Monofoxe.Tiled.MapStructure.projitems*{785e8147-0e69-45df-92f7-b4f315739d0c}*SharedItemsImports = 13
		Monofoxe.Tiled.MapStructure\Monofoxe.Tiled.MapStructure.projitems*{d59079b2-cc07-4783-9c7f-05e78ebbc5fd}*SharedItemsImports = 5
		Monofoxe.Tiled.MapStructure\Monofoxe.Tiled.MapStructure.projitems*{e615232a-8edd-43bb-84d0-3ba376aca7e6}*SharedItemsImports = 5
	EndGlobalSection
	GlobalSection(SolutionConfigurationPlatforms) = preSolution
		Debug|Any CPU = Debug|Any CPU
		Release|Any CPU = Release|Any CPU
	EndGlobalSection
	GlobalSection(ProjectConfigurationPlatforms) = postSolution
		{D59079B2-CC07-4783-9C7F-05E78EBBC5FD}.Debug|Any CPU.ActiveCfg = Debug|Any CPU
		{D59079B2-CC07-4783-9C7F-05E78EBBC5FD}.Debug|Any CPU.Build.0 = Debug|Any CPU
		{D59079B2-CC07-4783-9C7F-05E78EBBC5FD}.Release|Any CPU.ActiveCfg = Release|Any CPU
		{D59079B2-CC07-4783-9C7F-05E78EBBC5FD}.Release|Any CPU.Build.0 = Release|Any CPU
		{70699800-5172-413D-BB6F-0D80CB9FCD13}.Debug|Any CPU.ActiveCfg = Debug|Any CPU
		{70699800-5172-413D-BB6F-0D80CB9FCD13}.Debug|Any CPU.Build.0 = Debug|Any CPU
		{70699800-5172-413D-BB6F-0D80CB9FCD13}.Release|Any CPU.ActiveCfg = Release|Any CPU
		{70699800-5172-413D-BB6F-0D80CB9FCD13}.Release|Any CPU.Build.0 = Release|Any CPU
		{E615232A-8EDD-43BB-84D0-3BA376ACA7E6}.Debug|Any CPU.ActiveCfg = Debug|Any CPU
		{E615232A-8EDD-43BB-84D0-3BA376ACA7E6}.Debug|Any CPU.Build.0 = Debug|Any CPU
		{E615232A-8EDD-43BB-84D0-3BA376ACA7E6}.Release|Any CPU.ActiveCfg = Release|Any CPU
		{E615232A-8EDD-43BB-84D0-3BA376ACA7E6}.Release|Any CPU.Build.0 = Release|Any CPU
		{799409E8-B82F-4DBF-BBDE-B9EF253B2404}.Debug|Any CPU.ActiveCfg = Debug|Any CPU
		{799409E8-B82F-4DBF-BBDE-B9EF253B2404}.Debug|Any CPU.Build.0 = Debug|Any CPU
		{799409E8-B82F-4DBF-BBDE-B9EF253B2404}.Release|Any CPU.ActiveCfg = Release|Any CPU
		{799409E8-B82F-4DBF-BBDE-B9EF253B2404}.Release|Any CPU.Build.0 = Release|Any CPU
	EndGlobalSection
	GlobalSection(SolutionProperties) = preSolution
		HideSolutionNode = FALSE
	EndGlobalSection
	GlobalSection(ExtensibilityGlobals) = postSolution
		SolutionGuid = {B5534B27-AF0B-4FD7-80A1-0E7BCBFC9C46}
	EndGlobalSection
EndGlobal
