
Microsoft Visual Studio Solution File, Format Version 12.00
# Visual Studio 15
VisualStudioVersion = 15.0.27130.2010
MinimumVisualStudioVersion = 10.0.40219.1
Project("{FAE04EC0-301F-11D3-BF4B-00C04F79EFBC}") = "Monofoxe", "Monofoxe\Monofoxe.csproj", "{4D25C21F-B886-428D-98EB-641B65E9A1A0}"
EndProject
Project("{FAE04EC0-301F-11D3-BF4B-00C04F79EFBC}") = "Pipefoxe", "Pipefoxe\Pipefoxe.csproj", "{D59079B2-CC07-4783-9C7F-05E78EBBC5FD}"
EndProject
Project("{FAE04EC0-301F-11D3-BF4B-00C04F79EFBC}") = "Monofoxe.Engine", "Monofoxe.Engine\Monofoxe.Engine.csproj", "{94153186-E889-4E3E-979F-4C35819C5C21}"
EndProject
Project("{FAE04EC0-301F-11D3-BF4B-00C04F79EFBC}") = "Monofoxe.Tiled", "Monofoxe.Tiled\Monofoxe.Tiled.csproj", "{1EDA060A-DFE0-460E-9DAA-CB8D6D046411}"
EndProject
Project("{D954291E-2A0B-460D-934E-DC6B0785DB48}") = "Monofoxe.Tiled.MapStructure", "Monofoxe.Tiled.MapStructure\Monofoxe.Tiled.MapStructure.shproj", "{785E8147-0E69-45DF-92F7-B4F315739D0C}"
EndProject
Project("{FAE04EC0-301F-11D3-BF4B-00C04F79EFBC}") = "Monofoxe.Engine.FMODAudio", "Monofoxe.Engine.FMODAudio\Monofoxe.Engine.FMODAudio.csproj", "{34272495-2678-4BBD-B301-3B3BCF94EAC9}"
EndProject
Global
	GlobalSection(SharedMSBuildProjectFiles) = preSolution
		Monofoxe.Tiled.MapStructure\Monofoxe.Tiled.MapStructure.projitems*{1eda060a-dfe0-460e-9daa-cb8d6d046411}*SharedItemsImports = 4
		Monofoxe.Tiled.MapStructure\Monofoxe.Tiled.MapStructure.projitems*{785e8147-0e69-45df-92f7-b4f315739d0c}*SharedItemsImports = 13
		Monofoxe.Tiled.MapStructure\Monofoxe.Tiled.MapStructure.projitems*{d59079b2-cc07-4783-9c7f-05e78ebbc5fd}*SharedItemsImports = 4
	EndGlobalSection
	GlobalSection(SolutionConfigurationPlatforms) = preSolution
		Debug|Any CPU = Debug|Any CPU
		Release|Any CPU = Release|Any CPU
	EndGlobalSection
	GlobalSection(ProjectConfigurationPlatforms) = postSolution
		{4D25C21F-B886-428D-98EB-641B65E9A1A0}.Debug|Any CPU.ActiveCfg = Debug|Any CPU
		{4D25C21F-B886-428D-98EB-641B65E9A1A0}.Debug|Any CPU.Build.0 = Debug|Any CPU
		{4D25C21F-B886-428D-98EB-641B65E9A1A0}.Release|Any CPU.ActiveCfg = Release|Any CPU
		{4D25C21F-B886-428D-98EB-641B65E9A1A0}.Release|Any CPU.Build.0 = Release|Any CPU
		{D59079B2-CC07-4783-9C7F-05E78EBBC5FD}.Debug|Any CPU.ActiveCfg = Debug|Any CPU
		{D59079B2-CC07-4783-9C7F-05E78EBBC5FD}.Debug|Any CPU.Build.0 = Debug|Any CPU
		{D59079B2-CC07-4783-9C7F-05E78EBBC5FD}.Release|Any CPU.ActiveCfg = Release|Any CPU
		{D59079B2-CC07-4783-9C7F-05E78EBBC5FD}.Release|Any CPU.Build.0 = Release|Any CPU
		{94153186-E889-4E3E-979F-4C35819C5C21}.Debug|Any CPU.ActiveCfg = Debug|Any CPU
		{94153186-E889-4E3E-979F-4C35819C5C21}.Debug|Any CPU.Build.0 = Debug|Any CPU
		{94153186-E889-4E3E-979F-4C35819C5C21}.Release|Any CPU.ActiveCfg = Release|Any CPU
		{94153186-E889-4E3E-979F-4C35819C5C21}.Release|Any CPU.Build.0 = Release|Any CPU
		{1EDA060A-DFE0-460E-9DAA-CB8D6D046411}.Debug|Any CPU.ActiveCfg = Debug|Any CPU
		{1EDA060A-DFE0-460E-9DAA-CB8D6D046411}.Debug|Any CPU.Build.0 = Debug|Any CPU
		{1EDA060A-DFE0-460E-9DAA-CB8D6D046411}.Release|Any CPU.ActiveCfg = Release|Any CPU
		{1EDA060A-DFE0-460E-9DAA-CB8D6D046411}.Release|Any CPU.Build.0 = Release|Any CPU
		{34272495-2678-4BBD-B301-3B3BCF94EAC9}.Debug|Any CPU.ActiveCfg = Debug|Any CPU
		{34272495-2678-4BBD-B301-3B3BCF94EAC9}.Debug|Any CPU.Build.0 = Debug|Any CPU
		{34272495-2678-4BBD-B301-3B3BCF94EAC9}.Release|Any CPU.ActiveCfg = Release|Any CPU
		{34272495-2678-4BBD-B301-3B3BCF94EAC9}.Release|Any CPU.Build.0 = Release|Any CPU
	EndGlobalSection
	GlobalSection(SolutionProperties) = preSolution
		HideSolutionNode = FALSE
	EndGlobalSection
	GlobalSection(ExtensibilityGlobals) = postSolution
		SolutionGuid = {B5534B27-AF0B-4FD7-80A1-0E7BCBFC9C46}
	EndGlobalSection
EndGlobal
