
Microsoft Visual Studio Solution File, Format Version 12.00
# Visual Studio Version 17
VisualStudioVersion = 17.0.31521.260
MinimumVisualStudioVersion = 10.0.40219.1
Project("{9A19103F-16F7-4668-BE54-9A1E7A4F7556}") = "Monofoxe.Pipeline", "Monofoxe.Pipeline\Monofoxe.Pipeline.csproj", "{D59079B2-CC07-4783-9C7F-05E78EBBC5FD}"
EndProject
Project("{D954291E-2A0B-460D-934E-DC6B0785DB48}") = "Monofoxe.Tiled.MapStructure", "Monofoxe.Tiled.MapStructure\Monofoxe.Tiled.MapStructure.shproj", "{785E8147-0E69-45DF-92F7-B4F315739D0C}"
EndProject
Project("{9A19103F-16F7-4668-BE54-9A1E7A4F7556}") = "Monofoxe.Engine", "Monofoxe.Engine\Monofoxe.Engine.csproj", "{70699800-5172-413D-BB6F-0D80CB9FCD13}"
EndProject
Project("{9A19103F-16F7-4668-BE54-9A1E7A4F7556}") = "Monofoxe.Tiled", "Monofoxe.Tiled\Monofoxe.Tiled.csproj", "{E615232A-8EDD-43BB-84D0-3BA376ACA7E6}"
EndProject
Project("{9A19103F-16F7-4668-BE54-9A1E7A4F7556}") = "Monofoxe.Tests", "Monofoxe.Tests\Monofoxe.Tests.csproj", "{799409E8-B82F-4DBF-BBDE-B9EF253B2404}"
EndProject
Project("{2150E333-8FDC-42A3-9474-1A3956D46DE8}") = "Solution Items", "Solution Items", "{A430DAE4-9E80-4735-894E-886C8F800156}"
	ProjectSection(SolutionItems) = preProject
		..\.editorconfig = ..\.editorconfig
	EndProjectSection
EndProject
Project("{9A19103F-16F7-4668-BE54-9A1E7A4F7556}") = "Monofoxe.Engine.WindowsDX", "Monofoxe.Engine.WindowsDX\Monofoxe.Engine.WindowsDX.csproj", "{A1593C65-09C3-4294-A153-A43509D989AA}"
EndProject
Project("{9A19103F-16F7-4668-BE54-9A1E7A4F7556}") = "Monofoxe.Engine.DesktopGL", "Monofoxe.Engine.DesktopGL\Monofoxe.Engine.DesktopGL.csproj", "{491EFCE4-315C-40AB-AC26-28F7A6190E9A}"
EndProject
Project("{2150E333-8FDC-42A3-9474-1A3956D46DE8}") = "Platforms", "Platforms", "{B86C69D3-FFCE-488F-891F-6EAAAD2513FD}"
EndProject
Project("{2150E333-8FDC-42A3-9474-1A3956D46DE8}") = "Samples", "Samples", "{10BACD3F-2B0F-47C5-9D0C-80156103C4C7}"
EndProject
Project("{9A19103F-16F7-4668-BE54-9A1E7A4F7556}") = "Monofoxe.Samples.Content", "..\Samples\Monofoxe.Samples.Content\Monofoxe.Samples.Content.csproj", "{8C3E1EF4-8923-4D05-B128-D01968D77AC6}"
EndProject
Project("{9A19103F-16F7-4668-BE54-9A1E7A4F7556}") = "Monofoxe.Samples", "..\Samples\Monofoxe.Samples\Monofoxe.Samples.csproj", "{0720FA7C-FCBC-4310-985F-C1D1E9D2C929}"
EndProject
Project("{9A19103F-16F7-4668-BE54-9A1E7A4F7556}") = "Monofoxe.Samples.DesktopGL", "..\Samples\Monofoxe.Samples.DesktopGL\Monofoxe.Samples.DesktopGL.csproj", "{94BCE387-0572-4EF7-A8AB-AEFB7B54B50F}"
EndProject
Project("{9A19103F-16F7-4668-BE54-9A1E7A4F7556}") = "Monofoxe.Samples.WindowsDX", "..\Samples\Monofoxe.Samples.WindowsDX\Monofoxe.Samples.WindowsDX.csproj", "{B33C2CAE-3D6A-4A70-9829-550ADDACA92C}"
EndProject
Global
	GlobalSection(SharedMSBuildProjectFiles) = preSolution
		Monofoxe.Tiled.MapStructure\Monofoxe.Tiled.MapStructure.projitems*{785e8147-0e69-45df-92f7-b4f315739d0c}*SharedItemsImports = 13
		Monofoxe.Tiled.MapStructure\Monofoxe.Tiled.MapStructure.projitems*{d59079b2-cc07-4783-9c7f-05e78ebbc5fd}*SharedItemsImports = 5
		Monofoxe.Tiled.MapStructure\Monofoxe.Tiled.MapStructure.projitems*{e615232a-8edd-43bb-84d0-3ba376aca7e6}*SharedItemsImports = 5
	EndGlobalSection
	GlobalSection(SolutionConfigurationPlatforms) = preSolution
		Debug|Any CPU = Debug|Any CPU
		Release|Any CPU = Release|Any CPU
	EndGlobalSection
	GlobalSection(ProjectConfigurationPlatforms) = postSolution
		{D59079B2-CC07-4783-9C7F-05E78EBBC5FD}.Debug|Any CPU.ActiveCfg = Debug|Any CPU
		{D59079B2-CC07-4783-9C7F-05E78EBBC5FD}.Debug|Any CPU.Build.0 = Debug|Any CPU
		{D59079B2-CC07-4783-9C7F-05E78EBBC5FD}.Release|Any CPU.ActiveCfg = Release|Any CPU
		{D59079B2-CC07-4783-9C7F-05E78EBBC5FD}.Release|Any CPU.Build.0 = Release|Any CPU
		{70699800-5172-413D-BB6F-0D80CB9FCD13}.Debug|Any CPU.ActiveCfg = Debug|Any CPU
		{70699800-5172-413D-BB6F-0D80CB9FCD13}.Debug|Any CPU.Build.0 = Debug|Any CPU
		{70699800-5172-413D-BB6F-0D80CB9FCD13}.Release|Any CPU.ActiveCfg = Release|Any CPU
		{70699800-5172-413D-BB6F-0D80CB9FCD13}.Release|Any CPU.Build.0 = Release|Any CPU
		{E615232A-8EDD-43BB-84D0-3BA376ACA7E6}.Debug|Any CPU.ActiveCfg = Debug|Any CPU
		{E615232A-8EDD-43BB-84D0-3BA376ACA7E6}.Debug|Any CPU.Build.0 = Debug|Any CPU
		{E615232A-8EDD-43BB-84D0-3BA376ACA7E6}.Release|Any CPU.ActiveCfg = Release|Any CPU
		{E615232A-8EDD-43BB-84D0-3BA376ACA7E6}.Release|Any CPU.Build.0 = Release|Any CPU
		{799409E8-B82F-4DBF-BBDE-B9EF253B2404}.Debug|Any CPU.ActiveCfg = Debug|Any CPU
		{799409E8-B82F-4DBF-BBDE-B9EF253B2404}.Debug|Any CPU.Build.0 = Debug|Any CPU
		{799409E8-B82F-4DBF-BBDE-B9EF253B2404}.Release|Any CPU.ActiveCfg = Release|Any CPU
		{799409E8-B82F-4DBF-BBDE-B9EF253B2404}.Release|Any CPU.Build.0 = Release|Any CPU
		{A1593C65-09C3-4294-A153-A43509D989AA}.Debug|Any CPU.ActiveCfg = Debug|Any CPU
		{A1593C65-09C3-4294-A153-A43509D989AA}.Debug|Any CPU.Build.0 = Debug|Any CPU
		{A1593C65-09C3-4294-A153-A43509D989AA}.Release|Any CPU.ActiveCfg = Release|Any CPU
		{A1593C65-09C3-4294-A153-A43509D989AA}.Release|Any CPU.Build.0 = Release|Any CPU
		{491EFCE4-315C-40AB-AC26-28F7A6190E9A}.Debug|Any CPU.ActiveCfg = Debug|Any CPU
		{491EFCE4-315C-40AB-AC26-28F7A6190E9A}.Debug|Any CPU.Build.0 = Debug|Any CPU
		{491EFCE4-315C-40AB-AC26-28F7A6190E9A}.Release|Any CPU.ActiveCfg = Release|Any CPU
		{491EFCE4-315C-40AB-AC26-28F7A6190E9A}.Release|Any CPU.Build.0 = Release|Any CPU
		{8C3E1EF4-8923-4D05-B128-D01968D77AC6}.Debug|Any CPU.ActiveCfg = Debug|Any CPU
		{8C3E1EF4-8923-4D05-B128-D01968D77AC6}.Debug|Any CPU.Build.0 = Debug|Any CPU
		{8C3E1EF4-8923-4D05-B128-D01968D77AC6}.Release|Any CPU.ActiveCfg = Release|Any CPU
		{8C3E1EF4-8923-4D05-B128-D01968D77AC6}.Release|Any CPU.Build.0 = Release|Any CPU
		{0720FA7C-FCBC-4310-985F-C1D1E9D2C929}.Debug|Any CPU.ActiveCfg = Debug|Any CPU
		{0720FA7C-FCBC-4310-985F-C1D1E9D2C929}.Debug|Any CPU.Build.0 = Debug|Any CPU
		{0720FA7C-FCBC-4310-985F-C1D1E9D2C929}.Release|Any CPU.ActiveCfg = Release|Any CPU
		{0720FA7C-FCBC-4310-985F-C1D1E9D2C929}.Release|Any CPU.Build.0 = Release|Any CPU
		{94BCE387-0572-4EF7-A8AB-AEFB7B54B50F}.Debug|Any CPU.ActiveCfg = Debug|Any CPU
		{94BCE387-0572-4EF7-A8AB-AEFB7B54B50F}.Debug|Any CPU.Build.0 = Debug|Any CPU
		{94BCE387-0572-4EF7-A8AB-AEFB7B54B50F}.Release|Any CPU.ActiveCfg = Release|Any CPU
		{94BCE387-0572-4EF7-A8AB-AEFB7B54B50F}.Release|Any CPU.Build.0 = Release|Any CPU
		{B33C2CAE-3D6A-4A70-9829-550ADDACA92C}.Debug|Any CPU.ActiveCfg = Debug|Any CPU
		{B33C2CAE-3D6A-4A70-9829-550ADDACA92C}.Debug|Any CPU.Build.0 = Debug|Any CPU
		{B33C2CAE-3D6A-4A70-9829-550ADDACA92C}.Release|Any CPU.ActiveCfg = Release|Any CPU
		{B33C2CAE-3D6A-4A70-9829-550ADDACA92C}.Release|Any CPU.Build.0 = Release|Any CPU
	EndGlobalSection
	GlobalSection(SolutionProperties) = preSolution
		HideSolutionNode = FALSE
	EndGlobalSection
	GlobalSection(NestedProjects) = preSolution
		{A1593C65-09C3-4294-A153-A43509D989AA} = {B86C69D3-FFCE-488F-891F-6EAAAD2513FD}
		{491EFCE4-315C-40AB-AC26-28F7A6190E9A} = {B86C69D3-FFCE-488F-891F-6EAAAD2513FD}
		{8C3E1EF4-8923-4D05-B128-D01968D77AC6} = {10BACD3F-2B0F-47C5-9D0C-80156103C4C7}
		{0720FA7C-FCBC-4310-985F-C1D1E9D2C929} = {10BACD3F-2B0F-47C5-9D0C-80156103C4C7}
		{94BCE387-0572-4EF7-A8AB-AEFB7B54B50F} = {10BACD3F-2B0F-47C5-9D0C-80156103C4C7}
		{B33C2CAE-3D6A-4A70-9829-550ADDACA92C} = {10BACD3F-2B0F-47C5-9D0C-80156103C4C7}
	EndGlobalSection
	GlobalSection(ExtensibilityGlobals) = postSolution
		SolutionGuid = {B5534B27-AF0B-4FD7-80A1-0E7BCBFC9C46}
	EndGlobalSection
EndGlobal
