
Microsoft Visual Studio Solution File, Format Version 12.00
# Visual Studio 15
VisualStudioVersion = 15.0.28010.2003
MinimumVisualStudioVersion = 10.0.40219.1
Project("{FAE04EC0-301F-11D3-BF4B-00C04F79EFBC}") = "Monofoxe.Demo", "Monofoxe.Demo\Monofoxe.Demo.csproj", "{058E861C-4B60-4410-A73B-4BCA5DC70EC2}"
EndProject
Global
	GlobalSection(SolutionConfigurationPlatforms) = preSolution
		Debug|Any CPU = Debug|Any CPU
		Release|Any CPU = Release|Any CPU
	EndGlobalSection
	GlobalSection(ProjectConfigurationPlatforms) = postSolution
		{058E861C-4B60-4410-A73B-4BCA5DC70EC2}.Debug|Any CPU.ActiveCfg = Debug|Any CPU
		{058E861C-4B60-4410-A73B-4BCA5DC70EC2}.Debug|Any CPU.Build.0 = Debug|Any CPU
		{058E861C-4B60-4410-A73B-4BCA5DC70EC2}.Release|Any CPU.ActiveCfg = Release|Any CPU
		{058E861C-4B60-4410-A73B-4BCA5DC70EC2}.Release|Any CPU.Build.0 = Release|Any CPU
	EndGlobalSection
	GlobalSection(SolutionProperties) = preSolution
		HideSolutionNode = FALSE
	EndGlobalSection
	GlobalSection(ExtensibilityGlobals) = postSolution
		SolutionGuid = {73CDE4C5-2CD9-46A8-A13E-6DB8E584A92D}
	EndGlobalSection
EndGlobal
